dependencies:
- name: loki
  repository: https://grafana.github.io/helm-charts
  version: 6.6.6
- name: tempo
  repository: https://grafana.github.io/helm-charts
  version: 1.10.3
- name: kube-prometheus-stack
  repository: https://prometheus-community.github.io/helm-charts
  version: 82.14.0
- name: opentelemetry-collector
  repository: https://open-telemetry.github.io/opentelemetry-helm-charts
  version: 0.147.0
- name: dapr
  repository: https://dapr.github.io/helm-charts/
  version: 1.17.1
digest: sha256:106f9ae93c191edeb2393b2dd77dccac0874dbe7ad675fdcb7e753918547ebe6
generated: "2026-03-25T14:11:29.360788991Z"
