dependencies:
- name: loki
  repository: https://grafana.github.io/helm-charts
  version: 6.6.6
- name: tempo
  repository: https://grafana.github.io/helm-charts
  version: 1.10.3
- name: kube-prometheus-stack
  repository: https://prometheus-community.github.io/helm-charts
  version: 82.16.0
- name: opentelemetry-collector
  repository: https://open-telemetry.github.io/opentelemetry-helm-charts
  version: 0.147.0
- name: chaos-mesh
  repository: https://charts.chaos-mesh.org
  version: 2.7.3
digest: sha256:f2844468b116ec7b0be452f3dfaac6d5e37ba5fdd3df12534ece013a2969516b
generated: "2026-04-01T16:25:00.045630107Z"
