dependencies:
- name: loki
  repository: https://grafana.github.io/helm-charts
  version: 6.6.6
- name: tempo
  repository: https://grafana.github.io/helm-charts
  version: 1.10.3
- name: kube-prometheus-stack
  repository: https://prometheus-community.github.io/helm-charts
  version: 82.14.1
- name: opentelemetry-collector
  repository: https://open-telemetry.github.io/opentelemetry-helm-charts
  version: 0.147.0
- name: dapr
  repository: https://dapr.github.io/helm-charts/
  version: 1.17.1
digest: sha256:6edb56f0f74aac4d1368302da7ffdfef25ad6c9a1601a2622a9b8ddafcfdd559
generated: "2026-03-26T14:10:26.860193769Z"
